
Microsoft Visual Studio Solution File, Format Version 12.00
# Visual Studio 15
VisualStudioVersion = 15.0.28307.329
MinimumVisualStudioVersion = 10.0.40219.1
Project("{FAE04EC0-301F-11D3-BF4B-00C04F79EFBC}") = "VS_Proj", "VS_Proj\VS_Proj.csproj", "{8BFE5017-10E4-4849-B478-99D57C25506A}"
EndProject
Global
	GlobalSection(SolutionConfigurationPlatforms) = preSolution
		Debug|Any CPU = Debug|Any CPU
		Release|Any CPU = Release|Any CPU
	EndGlobalSection
	GlobalSection(ProjectConfigurationPlatforms) = postSolution
		{8BFE5017-10E4-4849-B478-99D57C25506A}.Debug|Any CPU.ActiveCfg = Debug|Any CPU
		{8BFE5017-10E4-4849-B478-99D57C25506A}.Debug|Any CPU.Build.0 = Debug|Any CPU
		{8BFE5017-10E4-4849-B478-99D57C25506A}.Release|Any CPU.ActiveCfg = Release|Any CPU
		{8BFE5017-10E4-4849-B478-99D57C25506A}.Release|Any CPU.Build.0 = Release|Any CPU
	EndGlobalSection
	GlobalSection(SolutionProperties) = preSolution
		HideSolutionNode = FALSE
	EndGlobalSection
	GlobalSection(ExtensibilityGlobals) = postSolution
		SolutionGuid = {48DCEBC2-8CC5-4747-8968-72B32D89005B}
	EndGlobalSection
EndGlobal
